
Microsoft Visual Studio Solution File, Format Version 12.00
# Visual Studio Version 17
VisualStudioVersion = 17.3.32825.248
MinimumVisualStudioVersion = 10.0.40219.1
Project("{2150E333-8FDC-42A3-9474-1A3956D46DE8}") = "TimeSeriesAnalysis", "TimeSeriesAnalysis", "{BABE6E00-4F21-4185-847D-11119E45E216}"
EndProject
Project("{6EC3EE1D-3C4E-46DD-8F32-0CC8E7565705}") = "UsingFSharpWithR", "TimeSeriesAnalysis\UsingFSharpWithR\UsingFSharpWithR.fsproj", "{0A7A67C0-40DC-42E4-877A-4C13FD754124}"
EndProject
Project("{6EC3EE1D-3C4E-46DD-8F32-0CC8E7565705}") = "Playground", "Playground\Playground.fsproj", "{6C0C6443-3ABD-4C26-8924-76E97EF96357}"
EndProject
Project("{6EC3EE1D-3C4E-46DD-8F32-0CC8E7565705}") = "99problems", "FSharpInAction\99problems\99problems.fsproj", "{842AC948-9356-414B-A695-48C2D4491E5E}"
EndProject
Project("{2150E333-8FDC-42A3-9474-1A3956D46DE8}") = "FSharpInAction", "FSharpInAction", "{89A72912-3F56-4308-9135-FE84159D6B39}"
EndProject
Project("{6EC3EE1D-3C4E-46DD-8F32-0CC8E7565705}") = "FunAndProfit", "FSharpInAction\FunAndProfit\FunAndProfit.fsproj", "{FF6DA95C-3A97-4CA6-9B05-C200ABED2DE7}"
EndProject
Project("{6EC3EE1D-3C4E-46DD-8F32-0CC8E7565705}") = "FunAndProfitTest", "FSharpInAction\FunAndProfit\FunAndProfitTest\FunAndProfitTest.fsproj", "{70510FE8-393E-4ECD-801D-1AB0490F73B5}"
EndProject
Project("{6EC3EE1D-3C4E-46DD-8F32-0CC8E7565705}") = "PracticalTimeSeriesAnalysis", "TimeSeriesAnalysis\PracticalTimeSeriesAnalysis\PracticalTimeSeriesAnalysis.fsproj", "{1EEF55C4-1A05-4B62-933E-4ED32614AF01}"
EndProject
Project("{2150E333-8FDC-42A3-9474-1A3956D46DE8}") = "FunAndProfit", "FunAndProfit", "{854251B2-4D4F-4A25-AB9A-46BDD7A4C4DA}"
EndProject
Project("{6EC3EE1D-3C4E-46DD-8F32-0CC8E7565705}") = "LeetCode", "FSharpInAction\LeetCode\LeetCode.fsproj", "{0F2EFE80-D1C0-406D-B349-189545E4C3E4}"
EndProject
Project("{2150E333-8FDC-42A3-9474-1A3956D46DE8}") = "WhyFSharp", "WhyFSharp", "{3C1D4B28-77C9-41CF-A5F9-31BCC0A5830B}"
EndProject
Project("{6EC3EE1D-3C4E-46DD-8F32-0CC8E7565705}") = "FSharpDemo", "WhyFSharp\FSharpDemo\FSharpDemo.fsproj", "{7AE6517C-2140-495B-A64E-C07C9F8F8FC5}"
EndProject
Project("{9A19103F-16F7-4668-BE54-9A1E7A4F7556}") = "CSharpDemos", "WhyFSharp\CSharpDemos\CSharpDemos.csproj", "{5B2445A0-1812-41E0-A889-4BC0CA113611}"
EndProject
Project("{6EC3EE1D-3C4E-46DD-8F32-0CC8E7565705}") = "Puzzles", "FSharpInAction\Puzzles\Puzzles.fsproj", "{19F7CE7E-989D-406D-91E7-969E0909CF08}"
EndProject
Project("{6EC3EE1D-3C4E-46DD-8F32-0CC8E7565705}") = "AdventOfCode", "FSharpInAction\AdventOfCode\AdventOfCode.fsproj", "{228FE2B0-F041-4465-BB34-A55763581FB6}"
EndProject
Project("{6EC3EE1D-3C4E-46DD-8F32-0CC8E7565705}") = "OtherTopics", "FSharpInAction\OtherTopics\OtherTopics.fsproj", "{E05C7E31-9DC0-4501-BD6E-D05079ECA7A5}"
EndProject
Global
	GlobalSection(SolutionConfigurationPlatforms) = preSolution
		Debug|Any CPU = Debug|Any CPU
		Debug|x64 = Debug|x64
		Release|Any CPU = Release|Any CPU
		Release|x64 = Release|x64
	EndGlobalSection
	GlobalSection(ProjectConfigurationPlatforms) = postSolution
		{0A7A67C0-40DC-42E4-877A-4C13FD754124}.Debug|Any CPU.ActiveCfg = Debug|Any CPU
		{0A7A67C0-40DC-42E4-877A-4C13FD754124}.Debug|Any CPU.Build.0 = Debug|Any CPU
		{0A7A67C0-40DC-42E4-877A-4C13FD754124}.Debug|x64.ActiveCfg = Debug|x64
		{0A7A67C0-40DC-42E4-877A-4C13FD754124}.Debug|x64.Build.0 = Debug|x64
		{0A7A67C0-40DC-42E4-877A-4C13FD754124}.Release|Any CPU.ActiveCfg = Release|Any CPU
		{0A7A67C0-40DC-42E4-877A-4C13FD754124}.Release|Any CPU.Build.0 = Release|Any CPU
		{0A7A67C0-40DC-42E4-877A-4C13FD754124}.Release|x64.ActiveCfg = Release|x64
		{0A7A67C0-40DC-42E4-877A-4C13FD754124}.Release|x64.Build.0 = Release|x64
		{6C0C6443-3ABD-4C26-8924-76E97EF96357}.Debug|Any CPU.ActiveCfg = Debug|Any CPU
		{6C0C6443-3ABD-4C26-8924-76E97EF96357}.Debug|Any CPU.Build.0 = Debug|Any CPU
		{6C0C6443-3ABD-4C26-8924-76E97EF96357}.Debug|x64.ActiveCfg = Debug|Any CPU
		{6C0C6443-3ABD-4C26-8924-76E97EF96357}.Debug|x64.Build.0 = Debug|Any CPU
		{6C0C6443-3ABD-4C26-8924-76E97EF96357}.Release|Any CPU.ActiveCfg = Release|Any CPU
		{6C0C6443-3ABD-4C26-8924-76E97EF96357}.Release|Any CPU.Build.0 = Release|Any CPU
		{6C0C6443-3ABD-4C26-8924-76E97EF96357}.Release|x64.ActiveCfg = Release|Any CPU
		{6C0C6443-3ABD-4C26-8924-76E97EF96357}.Release|x64.Build.0 = Release|Any CPU
		{842AC948-9356-414B-A695-48C2D4491E5E}.Debug|Any CPU.ActiveCfg = Debug|Any CPU
		{842AC948-9356-414B-A695-48C2D4491E5E}.Debug|Any CPU.Build.0 = Debug|Any CPU
		{842AC948-9356-414B-A695-48C2D4491E5E}.Debug|x64.ActiveCfg = Debug|Any CPU
		{842AC948-9356-414B-A695-48C2D4491E5E}.Debug|x64.Build.0 = Debug|Any CPU
		{842AC948-9356-414B-A695-48C2D4491E5E}.Release|Any CPU.ActiveCfg = Release|Any CPU
		{842AC948-9356-414B-A695-48C2D4491E5E}.Release|Any CPU.Build.0 = Release|Any CPU
		{842AC948-9356-414B-A695-48C2D4491E5E}.Release|x64.ActiveCfg = Release|Any CPU
		{842AC948-9356-414B-A695-48C2D4491E5E}.Release|x64.Build.0 = Release|Any CPU
		{FF6DA95C-3A97-4CA6-9B05-C200ABED2DE7}.Debug|Any CPU.ActiveCfg = Debug|Any CPU
		{FF6DA95C-3A97-4CA6-9B05-C200ABED2DE7}.Debug|Any CPU.Build.0 = Debug|Any CPU
		{FF6DA95C-3A97-4CA6-9B05-C200ABED2DE7}.Debug|x64.ActiveCfg = Debug|Any CPU
		{FF6DA95C-3A97-4CA6-9B05-C200ABED2DE7}.Debug|x64.Build.0 = Debug|Any CPU
		{FF6DA95C-3A97-4CA6-9B05-C200ABED2DE7}.Release|Any CPU.ActiveCfg = Release|Any CPU
		{FF6DA95C-3A97-4CA6-9B05-C200ABED2DE7}.Release|Any CPU.Build.0 = Release|Any CPU
		{FF6DA95C-3A97-4CA6-9B05-C200ABED2DE7}.Release|x64.ActiveCfg = Release|Any CPU
		{FF6DA95C-3A97-4CA6-9B05-C200ABED2DE7}.Release|x64.Build.0 = Release|Any CPU
		{70510FE8-393E-4ECD-801D-1AB0490F73B5}.Debug|Any CPU.ActiveCfg = Debug|Any CPU
		{70510FE8-393E-4ECD-801D-1AB0490F73B5}.Debug|Any CPU.Build.0 = Debug|Any CPU
		{70510FE8-393E-4ECD-801D-1AB0490F73B5}.Debug|x64.ActiveCfg = Debug|Any CPU
		{70510FE8-393E-4ECD-801D-1AB0490F73B5}.Debug|x64.Build.0 = Debug|Any CPU
		{70510FE8-393E-4ECD-801D-1AB0490F73B5}.Release|Any CPU.ActiveCfg = Release|Any CPU
		{70510FE8-393E-4ECD-801D-1AB0490F73B5}.Release|Any CPU.Build.0 = Release|Any CPU
		{70510FE8-393E-4ECD-801D-1AB0490F73B5}.Release|x64.ActiveCfg = Release|Any CPU
		{70510FE8-393E-4ECD-801D-1AB0490F73B5}.Release|x64.Build.0 = Release|Any CPU
		{1EEF55C4-1A05-4B62-933E-4ED32614AF01}.Debug|Any CPU.ActiveCfg = Debug|Any CPU
		{1EEF55C4-1A05-4B62-933E-4ED32614AF01}.Debug|Any CPU.Build.0 = Debug|Any CPU
		{1EEF55C4-1A05-4B62-933E-4ED32614AF01}.Debug|x64.ActiveCfg = Debug|Any CPU
		{1EEF55C4-1A05-4B62-933E-4ED32614AF01}.Debug|x64.Build.0 = Debug|Any CPU
		{1EEF55C4-1A05-4B62-933E-4ED32614AF01}.Release|Any CPU.ActiveCfg = Release|Any CPU
		{1EEF55C4-1A05-4B62-933E-4ED32614AF01}.Release|Any CPU.Build.0 = Release|Any CPU
		{1EEF55C4-1A05-4B62-933E-4ED32614AF01}.Release|x64.ActiveCfg = Release|Any CPU
		{1EEF55C4-1A05-4B62-933E-4ED32614AF01}.Release|x64.Build.0 = Release|Any CPU
		{0F2EFE80-D1C0-406D-B349-189545E4C3E4}.Debug|Any CPU.ActiveCfg = Debug|Any CPU
		{0F2EFE80-D1C0-406D-B349-189545E4C3E4}.Debug|Any CPU.Build.0 = Debug|Any CPU
		{0F2EFE80-D1C0-406D-B349-189545E4C3E4}.Debug|x64.ActiveCfg = Debug|Any CPU
		{0F2EFE80-D1C0-406D-B349-189545E4C3E4}.Debug|x64.Build.0 = Debug|Any CPU
		{0F2EFE80-D1C0-406D-B349-189545E4C3E4}.Release|Any CPU.ActiveCfg = Release|Any CPU
		{0F2EFE80-D1C0-406D-B349-189545E4C3E4}.Release|Any CPU.Build.0 = Release|Any CPU
		{0F2EFE80-D1C0-406D-B349-189545E4C3E4}.Release|x64.ActiveCfg = Release|Any CPU
		{0F2EFE80-D1C0-406D-B349-189545E4C3E4}.Release|x64.Build.0 = Release|Any CPU
		{7AE6517C-2140-495B-A64E-C07C9F8F8FC5}.Debug|Any CPU.ActiveCfg = Debug|Any CPU
		{7AE6517C-2140-495B-A64E-C07C9F8F8FC5}.Debug|Any CPU.Build.0 = Debug|Any CPU
		{7AE6517C-2140-495B-A64E-C07C9F8F8FC5}.Debug|x64.ActiveCfg = Debug|Any CPU
		{7AE6517C-2140-495B-A64E-C07C9F8F8FC5}.Debug|x64.Build.0 = Debug|Any CPU
		{7AE6517C-2140-495B-A64E-C07C9F8F8FC5}.Release|Any CPU.ActiveCfg = Release|Any CPU
		{7AE6517C-2140-495B-A64E-C07C9F8F8FC5}.Release|Any CPU.Build.0 = Release|Any CPU
		{7AE6517C-2140-495B-A64E-C07C9F8F8FC5}.Release|x64.ActiveCfg = Release|Any CPU
		{7AE6517C-2140-495B-A64E-C07C9F8F8FC5}.Release|x64.Build.0 = Release|Any CPU
		{5B2445A0-1812-41E0-A889-4BC0CA113611}.Debug|Any CPU.ActiveCfg = Debug|Any CPU
		{5B2445A0-1812-41E0-A889-4BC0CA113611}.Debug|Any CPU.Build.0 = Debug|Any CPU
		{5B2445A0-1812-41E0-A889-4BC0CA113611}.Debug|x64.ActiveCfg = Debug|Any CPU
		{5B2445A0-1812-41E0-A889-4BC0CA113611}.Debug|x64.Build.0 = Debug|Any CPU
		{5B2445A0-1812-41E0-A889-4BC0CA113611}.Release|Any CPU.ActiveCfg = Release|Any CPU
		{5B2445A0-1812-41E0-A889-4BC0CA113611}.Release|Any CPU.Build.0 = Release|Any CPU
		{5B2445A0-1812-41E0-A889-4BC0CA113611}.Release|x64.ActiveCfg = Release|Any CPU
		{5B2445A0-1812-41E0-A889-4BC0CA113611}.Release|x64.Build.0 = Release|Any CPU
		{19F7CE7E-989D-406D-91E7-969E0909CF08}.Debug|Any CPU.ActiveCfg = Debug|Any CPU
		{19F7CE7E-989D-406D-91E7-969E0909CF08}.Debug|Any CPU.Build.0 = Debug|Any CPU
		{19F7CE7E-989D-406D-91E7-969E0909CF08}.Debug|x64.ActiveCfg = Debug|Any CPU
		{19F7CE7E-989D-406D-91E7-969E0909CF08}.Debug|x64.Build.0 = Debug|Any CPU
		{19F7CE7E-989D-406D-91E7-969E0909CF08}.Release|Any CPU.ActiveCfg = Release|Any CPU
		{19F7CE7E-989D-406D-91E7-969E0909CF08}.Release|Any CPU.Build.0 = Release|Any CPU
		{19F7CE7E-989D-406D-91E7-969E0909CF08}.Release|x64.ActiveCfg = Release|Any CPU
		{19F7CE7E-989D-406D-91E7-969E0909CF08}.Release|x64.Build.0 = Release|Any CPU
		{228FE2B0-F041-4465-BB34-A55763581FB6}.Debug|Any CPU.ActiveCfg = Debug|Any CPU
		{228FE2B0-F041-4465-BB34-A55763581FB6}.Debug|Any CPU.Build.0 = Debug|Any CPU
		{228FE2B0-F041-4465-BB34-A55763581FB6}.Debug|x64.ActiveCfg = Debug|Any CPU
		{228FE2B0-F041-4465-BB34-A55763581FB6}.Debug|x64.Build.0 = Debug|Any CPU
		{228FE2B0-F041-4465-BB34-A55763581FB6}.Release|Any CPU.ActiveCfg = Release|Any CPU
		{228FE2B0-F041-4465-BB34-A55763581FB6}.Release|Any CPU.Build.0 = Release|Any CPU
		{228FE2B0-F041-4465-BB34-A55763581FB6}.Release|x64.ActiveCfg = Release|Any CPU
		{228FE2B0-F041-4465-BB34-A55763581FB6}.Release|x64.Build.0 = Release|Any CPU
		{E05C7E31-9DC0-4501-BD6E-D05079ECA7A5}.Debug|Any CPU.ActiveCfg = Debug|Any CPU
		{E05C7E31-9DC0-4501-BD6E-D05079ECA7A5}.Debug|Any CPU.Build.0 = Debug|Any CPU
		{E05C7E31-9DC0-4501-BD6E-D05079ECA7A5}.Debug|x64.ActiveCfg = Debug|Any CPU
		{E05C7E31-9DC0-4501-BD6E-D05079ECA7A5}.Debug|x64.Build.0 = Debug|Any CPU
		{E05C7E31-9DC0-4501-BD6E-D05079ECA7A5}.Release|Any CPU.ActiveCfg = Release|Any CPU
		{E05C7E31-9DC0-4501-BD6E-D05079ECA7A5}.Release|Any CPU.Build.0 = Release|Any CPU
		{E05C7E31-9DC0-4501-BD6E-D05079ECA7A5}.Release|x64.ActiveCfg = Release|Any CPU
		{E05C7E31-9DC0-4501-BD6E-D05079ECA7A5}.Release|x64.Build.0 = Release|Any CPU
	EndGlobalSection
	GlobalSection(SolutionProperties) = preSolution
		HideSolutionNode = FALSE
	EndGlobalSection
	GlobalSection(NestedProjects) = preSolution
		{0A7A67C0-40DC-42E4-877A-4C13FD754124} = {BABE6E00-4F21-4185-847D-11119E45E216}
		{842AC948-9356-414B-A695-48C2D4491E5E} = {89A72912-3F56-4308-9135-FE84159D6B39}
		{FF6DA95C-3A97-4CA6-9B05-C200ABED2DE7} = {854251B2-4D4F-4A25-AB9A-46BDD7A4C4DA}
		{70510FE8-393E-4ECD-801D-1AB0490F73B5} = {854251B2-4D4F-4A25-AB9A-46BDD7A4C4DA}
		{1EEF55C4-1A05-4B62-933E-4ED32614AF01} = {BABE6E00-4F21-4185-847D-11119E45E216}
		{0F2EFE80-D1C0-406D-B349-189545E4C3E4} = {89A72912-3F56-4308-9135-FE84159D6B39}
		{7AE6517C-2140-495B-A64E-C07C9F8F8FC5} = {3C1D4B28-77C9-41CF-A5F9-31BCC0A5830B}
		{5B2445A0-1812-41E0-A889-4BC0CA113611} = {3C1D4B28-77C9-41CF-A5F9-31BCC0A5830B}
		{19F7CE7E-989D-406D-91E7-969E0909CF08} = {89A72912-3F56-4308-9135-FE84159D6B39}
		{228FE2B0-F041-4465-BB34-A55763581FB6} = {89A72912-3F56-4308-9135-FE84159D6B39}
		{E05C7E31-9DC0-4501-BD6E-D05079ECA7A5} = {89A72912-3F56-4308-9135-FE84159D6B39}
	EndGlobalSection
	GlobalSection(ExtensibilityGlobals) = postSolution
		SolutionGuid = {135C6156-E291-4B76-9B42-44AC44E00446}
	EndGlobalSection
EndGlobal
