
Microsoft Visual Studio Solution File, Format Version 12.00
# Visual Studio Version 17
VisualStudioVersion = 17.3.32825.248
MinimumVisualStudioVersion = 10.0.40219.1
Project("{2150E333-8FDC-42A3-9474-1A3956D46DE8}") = "TimeSeriesAnalysis", "TimeSeriesAnalysis", "{BABE6E00-4F21-4185-847D-11119E45E216}"
EndProject
Project("{6EC3EE1D-3C4E-46DD-8F32-0CC8E7565705}") = "UsingFSharpWithR", "TimeSeriesAnalysis\UsingFSharpWithR\UsingFSharpWithR.fsproj", "{0A7A67C0-40DC-42E4-877A-4C13FD754124}"
EndProject
Project("{6EC3EE1D-3C4E-46DD-8F32-0CC8E7565705}") = "Playground", "Playground\Playground.fsproj", "{6C0C6443-3ABD-4C26-8924-76E97EF96357}"
EndProject
Project("{2150E333-8FDC-42A3-9474-1A3956D46DE8}") = "FSharpInAction", "FSharpInAction", "{89A72912-3F56-4308-9135-FE84159D6B39}"
EndProject
Project("{6EC3EE1D-3C4E-46DD-8F32-0CC8E7565705}") = "PracticalTimeSeriesAnalysis", "TimeSeriesAnalysis\PracticalTimeSeriesAnalysis\PracticalTimeSeriesAnalysis.fsproj", "{1EEF55C4-1A05-4B62-933E-4ED32614AF01}"
EndProject
Project("{2150E333-8FDC-42A3-9474-1A3956D46DE8}") = "WhyFSharp", "WhyFSharp", "{3C1D4B28-77C9-41CF-A5F9-31BCC0A5830B}"
EndProject
Project("{6EC3EE1D-3C4E-46DD-8F32-0CC8E7565705}") = "FSharpDemo", "WhyFSharp\FSharpDemo\FSharpDemo.fsproj", "{7AE6517C-2140-495B-A64E-C07C9F8F8FC5}"
EndProject
Project("{9A19103F-16F7-4668-BE54-9A1E7A4F7556}") = "CSharpDemos", "WhyFSharp\CSharpDemos\CSharpDemos.csproj", "{5B2445A0-1812-41E0-A889-4BC0CA113611}"
EndProject
Project("{6EC3EE1D-3C4E-46DD-8F32-0CC8E7565705}") = "Puzzles", "FSharpInAction\Puzzles\Puzzles.fsproj", "{19F7CE7E-989D-406D-91E7-969E0909CF08}"
EndProject
Project("{2150E333-8FDC-42A3-9474-1A3956D46DE8}") = "Azure", "Azure", "{3A00BAFB-A8A4-452E-82E2-C13F0672B222}"
EndProject
Project("{6EC3EE1D-3C4E-46DD-8F32-0CC8E7565705}") = "ComputationalFinance", "FSharpInAction\ComputationalFinance\ComputationalFinance.fsproj", "{693FE363-8EE3-4462-A58D-53FC1BEB2069}"
EndProject
Project("{6EC3EE1D-3C4E-46DD-8F32-0CC8E7565705}") = "QuantitativeFinance", "FSharpInAction\QuantitativeFinance\QuantitativeFinance.fsproj", "{B619237C-0A7A-4294-ABB5-8D8437CFD721}"
EndProject
Project("{6EC3EE1D-3C4E-46DD-8F32-0CC8E7565705}") = "XscnScenario", "Azure\XscnScenario\XscnScenario.fsproj", "{68C7489B-6C02-47F4-A985-78B0E20922B9}"
EndProject
Project("{6EC3EE1D-3C4E-46DD-8F32-0CC8E7565705}") = "RestAPI", "Azure\RestAPI\RestAPI.fsproj", "{DCA09102-E232-4243-AE47-0032C164FBD8}"
EndProject
Project("{6EC3EE1D-3C4E-46DD-8F32-0CC8E7565705}") = "AksManagement", "Azure\AksManagement\AksManagement.fsproj", "{B06B76BF-E88A-448D-A91B-214E655C6F2E}"
EndProject
Project("{6EC3EE1D-3C4E-46DD-8F32-0CC8E7565705}") = "Auth", "Azure\Auth\Auth.fsproj", "{F46C8CDB-F5CD-4C92-9958-65916EFAD218}"
EndProject
Project("{6EC3EE1D-3C4E-46DD-8F32-0CC8E7565705}") = "FunctionalPatterns", "FSharpInAction\FunctionalPatterns\FunctionalPatterns.fsproj", "{37AD642B-0B7C-400A-A6A7-0E992B88D128}"
EndProject
Project("{6EC3EE1D-3C4E-46DD-8F32-0CC8E7565705}") = "Others", "FSharpInAction\Others\Others.fsproj", "{FB50DC9A-7782-4245-B86D-06E27A05C012}"
EndProject
Global
	GlobalSection(SolutionConfigurationPlatforms) = preSolution
		Debug|Any CPU = Debug|Any CPU
		Debug|x64 = Debug|x64
		Release|Any CPU = Release|Any CPU
		Release|x64 = Release|x64
	EndGlobalSection
	GlobalSection(ProjectConfigurationPlatforms) = postSolution
		{0A7A67C0-40DC-42E4-877A-4C13FD754124}.Debug|Any CPU.ActiveCfg = Debug|Any CPU
		{0A7A67C0-40DC-42E4-877A-4C13FD754124}.Debug|Any CPU.Build.0 = Debug|Any CPU
		{0A7A67C0-40DC-42E4-877A-4C13FD754124}.Debug|x64.ActiveCfg = Debug|x64
		{0A7A67C0-40DC-42E4-877A-4C13FD754124}.Debug|x64.Build.0 = Debug|x64
		{0A7A67C0-40DC-42E4-877A-4C13FD754124}.Release|Any CPU.ActiveCfg = Release|Any CPU
		{0A7A67C0-40DC-42E4-877A-4C13FD754124}.Release|Any CPU.Build.0 = Release|Any CPU
		{0A7A67C0-40DC-42E4-877A-4C13FD754124}.Release|x64.ActiveCfg = Release|x64
		{0A7A67C0-40DC-42E4-877A-4C13FD754124}.Release|x64.Build.0 = Release|x64
		{6C0C6443-3ABD-4C26-8924-76E97EF96357}.Debug|Any CPU.ActiveCfg = Debug|Any CPU
		{6C0C6443-3ABD-4C26-8924-76E97EF96357}.Debug|Any CPU.Build.0 = Debug|Any CPU
		{6C0C6443-3ABD-4C26-8924-76E97EF96357}.Debug|x64.ActiveCfg = Debug|Any CPU
		{6C0C6443-3ABD-4C26-8924-76E97EF96357}.Debug|x64.Build.0 = Debug|Any CPU
		{6C0C6443-3ABD-4C26-8924-76E97EF96357}.Release|Any CPU.ActiveCfg = Release|Any CPU
		{6C0C6443-3ABD-4C26-8924-76E97EF96357}.Release|Any CPU.Build.0 = Release|Any CPU
		{6C0C6443-3ABD-4C26-8924-76E97EF96357}.Release|x64.ActiveCfg = Release|Any CPU
		{6C0C6443-3ABD-4C26-8924-76E97EF96357}.Release|x64.Build.0 = Release|Any CPU
		{1EEF55C4-1A05-4B62-933E-4ED32614AF01}.Debug|Any CPU.ActiveCfg = Debug|Any CPU
		{1EEF55C4-1A05-4B62-933E-4ED32614AF01}.Debug|Any CPU.Build.0 = Debug|Any CPU
		{1EEF55C4-1A05-4B62-933E-4ED32614AF01}.Debug|x64.ActiveCfg = Debug|Any CPU
		{1EEF55C4-1A05-4B62-933E-4ED32614AF01}.Debug|x64.Build.0 = Debug|Any CPU
		{1EEF55C4-1A05-4B62-933E-4ED32614AF01}.Release|Any CPU.ActiveCfg = Release|Any CPU
		{1EEF55C4-1A05-4B62-933E-4ED32614AF01}.Release|Any CPU.Build.0 = Release|Any CPU
		{1EEF55C4-1A05-4B62-933E-4ED32614AF01}.Release|x64.ActiveCfg = Release|Any CPU
		{1EEF55C4-1A05-4B62-933E-4ED32614AF01}.Release|x64.Build.0 = Release|Any CPU
		{7AE6517C-2140-495B-A64E-C07C9F8F8FC5}.Debug|Any CPU.ActiveCfg = Debug|Any CPU
		{7AE6517C-2140-495B-A64E-C07C9F8F8FC5}.Debug|Any CPU.Build.0 = Debug|Any CPU
		{7AE6517C-2140-495B-A64E-C07C9F8F8FC5}.Debug|x64.ActiveCfg = Debug|Any CPU
		{7AE6517C-2140-495B-A64E-C07C9F8F8FC5}.Debug|x64.Build.0 = Debug|Any CPU
		{7AE6517C-2140-495B-A64E-C07C9F8F8FC5}.Release|Any CPU.ActiveCfg = Release|Any CPU
		{7AE6517C-2140-495B-A64E-C07C9F8F8FC5}.Release|Any CPU.Build.0 = Release|Any CPU
		{7AE6517C-2140-495B-A64E-C07C9F8F8FC5}.Release|x64.ActiveCfg = Release|Any CPU
		{7AE6517C-2140-495B-A64E-C07C9F8F8FC5}.Release|x64.Build.0 = Release|Any CPU
		{5B2445A0-1812-41E0-A889-4BC0CA113611}.Debug|Any CPU.ActiveCfg = Debug|Any CPU
		{5B2445A0-1812-41E0-A889-4BC0CA113611}.Debug|Any CPU.Build.0 = Debug|Any CPU
		{5B2445A0-1812-41E0-A889-4BC0CA113611}.Debug|x64.ActiveCfg = Debug|Any CPU
		{5B2445A0-1812-41E0-A889-4BC0CA113611}.Debug|x64.Build.0 = Debug|Any CPU
		{5B2445A0-1812-41E0-A889-4BC0CA113611}.Release|Any CPU.ActiveCfg = Release|Any CPU
		{5B2445A0-1812-41E0-A889-4BC0CA113611}.Release|Any CPU.Build.0 = Release|Any CPU
		{5B2445A0-1812-41E0-A889-4BC0CA113611}.Release|x64.ActiveCfg = Release|Any CPU
		{5B2445A0-1812-41E0-A889-4BC0CA113611}.Release|x64.Build.0 = Release|Any CPU
		{19F7CE7E-989D-406D-91E7-969E0909CF08}.Debug|Any CPU.ActiveCfg = Debug|Any CPU
		{19F7CE7E-989D-406D-91E7-969E0909CF08}.Debug|Any CPU.Build.0 = Debug|Any CPU
		{19F7CE7E-989D-406D-91E7-969E0909CF08}.Debug|x64.ActiveCfg = Debug|Any CPU
		{19F7CE7E-989D-406D-91E7-969E0909CF08}.Debug|x64.Build.0 = Debug|Any CPU
		{19F7CE7E-989D-406D-91E7-969E0909CF08}.Release|Any CPU.ActiveCfg = Release|Any CPU
		{19F7CE7E-989D-406D-91E7-969E0909CF08}.Release|Any CPU.Build.0 = Release|Any CPU
		{19F7CE7E-989D-406D-91E7-969E0909CF08}.Release|x64.ActiveCfg = Release|Any CPU
		{19F7CE7E-989D-406D-91E7-969E0909CF08}.Release|x64.Build.0 = Release|Any CPU
		{693FE363-8EE3-4462-A58D-53FC1BEB2069}.Debug|Any CPU.ActiveCfg = Debug|Any CPU
		{693FE363-8EE3-4462-A58D-53FC1BEB2069}.Debug|Any CPU.Build.0 = Debug|Any CPU
		{693FE363-8EE3-4462-A58D-53FC1BEB2069}.Debug|x64.ActiveCfg = Debug|Any CPU
		{693FE363-8EE3-4462-A58D-53FC1BEB2069}.Debug|x64.Build.0 = Debug|Any CPU
		{693FE363-8EE3-4462-A58D-53FC1BEB2069}.Release|Any CPU.ActiveCfg = Release|Any CPU
		{693FE363-8EE3-4462-A58D-53FC1BEB2069}.Release|Any CPU.Build.0 = Release|Any CPU
		{693FE363-8EE3-4462-A58D-53FC1BEB2069}.Release|x64.ActiveCfg = Release|Any CPU
		{693FE363-8EE3-4462-A58D-53FC1BEB2069}.Release|x64.Build.0 = Release|Any CPU
		{B619237C-0A7A-4294-ABB5-8D8437CFD721}.Debug|Any CPU.ActiveCfg = Debug|Any CPU
		{B619237C-0A7A-4294-ABB5-8D8437CFD721}.Debug|Any CPU.Build.0 = Debug|Any CPU
		{B619237C-0A7A-4294-ABB5-8D8437CFD721}.Debug|x64.ActiveCfg = Debug|Any CPU
		{B619237C-0A7A-4294-ABB5-8D8437CFD721}.Debug|x64.Build.0 = Debug|Any CPU
		{B619237C-0A7A-4294-ABB5-8D8437CFD721}.Release|Any CPU.ActiveCfg = Release|Any CPU
		{B619237C-0A7A-4294-ABB5-8D8437CFD721}.Release|Any CPU.Build.0 = Release|Any CPU
		{B619237C-0A7A-4294-ABB5-8D8437CFD721}.Release|x64.ActiveCfg = Release|Any CPU
		{B619237C-0A7A-4294-ABB5-8D8437CFD721}.Release|x64.Build.0 = Release|Any CPU
		{68C7489B-6C02-47F4-A985-78B0E20922B9}.Debug|Any CPU.ActiveCfg = Debug|Any CPU
		{68C7489B-6C02-47F4-A985-78B0E20922B9}.Debug|Any CPU.Build.0 = Debug|Any CPU
		{68C7489B-6C02-47F4-A985-78B0E20922B9}.Debug|x64.ActiveCfg = Debug|Any CPU
		{68C7489B-6C02-47F4-A985-78B0E20922B9}.Debug|x64.Build.0 = Debug|Any CPU
		{68C7489B-6C02-47F4-A985-78B0E20922B9}.Release|Any CPU.ActiveCfg = Release|Any CPU
		{68C7489B-6C02-47F4-A985-78B0E20922B9}.Release|Any CPU.Build.0 = Release|Any CPU
		{68C7489B-6C02-47F4-A985-78B0E20922B9}.Release|x64.ActiveCfg = Release|Any CPU
		{68C7489B-6C02-47F4-A985-78B0E20922B9}.Release|x64.Build.0 = Release|Any CPU
		{DCA09102-E232-4243-AE47-0032C164FBD8}.Debug|Any CPU.ActiveCfg = Debug|Any CPU
		{DCA09102-E232-4243-AE47-0032C164FBD8}.Debug|Any CPU.Build.0 = Debug|Any CPU
		{DCA09102-E232-4243-AE47-0032C164FBD8}.Debug|x64.ActiveCfg = Debug|Any CPU
		{DCA09102-E232-4243-AE47-0032C164FBD8}.Debug|x64.Build.0 = Debug|Any CPU
		{DCA09102-E232-4243-AE47-0032C164FBD8}.Release|Any CPU.ActiveCfg = Release|Any CPU
		{DCA09102-E232-4243-AE47-0032C164FBD8}.Release|Any CPU.Build.0 = Release|Any CPU
		{DCA09102-E232-4243-AE47-0032C164FBD8}.Release|x64.ActiveCfg = Release|Any CPU
		{DCA09102-E232-4243-AE47-0032C164FBD8}.Release|x64.Build.0 = Release|Any CPU
		{B06B76BF-E88A-448D-A91B-214E655C6F2E}.Debug|Any CPU.ActiveCfg = Debug|Any CPU
		{B06B76BF-E88A-448D-A91B-214E655C6F2E}.Debug|Any CPU.Build.0 = Debug|Any CPU
		{B06B76BF-E88A-448D-A91B-214E655C6F2E}.Debug|x64.ActiveCfg = Debug|Any CPU
		{B06B76BF-E88A-448D-A91B-214E655C6F2E}.Debug|x64.Build.0 = Debug|Any CPU
		{B06B76BF-E88A-448D-A91B-214E655C6F2E}.Release|Any CPU.ActiveCfg = Release|Any CPU
		{B06B76BF-E88A-448D-A91B-214E655C6F2E}.Release|Any CPU.Build.0 = Release|Any CPU
		{B06B76BF-E88A-448D-A91B-214E655C6F2E}.Release|x64.ActiveCfg = Release|Any CPU
		{B06B76BF-E88A-448D-A91B-214E655C6F2E}.Release|x64.Build.0 = Release|Any CPU
		{F46C8CDB-F5CD-4C92-9958-65916EFAD218}.Debug|Any CPU.ActiveCfg = Debug|Any CPU
		{F46C8CDB-F5CD-4C92-9958-65916EFAD218}.Debug|Any CPU.Build.0 = Debug|Any CPU
		{F46C8CDB-F5CD-4C92-9958-65916EFAD218}.Debug|x64.ActiveCfg = Debug|Any CPU
		{F46C8CDB-F5CD-4C92-9958-65916EFAD218}.Debug|x64.Build.0 = Debug|Any CPU
		{F46C8CDB-F5CD-4C92-9958-65916EFAD218}.Release|Any CPU.ActiveCfg = Release|Any CPU
		{F46C8CDB-F5CD-4C92-9958-65916EFAD218}.Release|Any CPU.Build.0 = Release|Any CPU
		{F46C8CDB-F5CD-4C92-9958-65916EFAD218}.Release|x64.ActiveCfg = Release|Any CPU
		{F46C8CDB-F5CD-4C92-9958-65916EFAD218}.Release|x64.Build.0 = Release|Any CPU
		{37AD642B-0B7C-400A-A6A7-0E992B88D128}.Debug|Any CPU.ActiveCfg = Debug|Any CPU
		{37AD642B-0B7C-400A-A6A7-0E992B88D128}.Debug|Any CPU.Build.0 = Debug|Any CPU
		{37AD642B-0B7C-400A-A6A7-0E992B88D128}.Debug|x64.ActiveCfg = Debug|Any CPU
		{37AD642B-0B7C-400A-A6A7-0E992B88D128}.Debug|x64.Build.0 = Debug|Any CPU
		{37AD642B-0B7C-400A-A6A7-0E992B88D128}.Release|Any CPU.ActiveCfg = Release|Any CPU
		{37AD642B-0B7C-400A-A6A7-0E992B88D128}.Release|Any CPU.Build.0 = Release|Any CPU
		{37AD642B-0B7C-400A-A6A7-0E992B88D128}.Release|x64.ActiveCfg = Release|Any CPU
		{37AD642B-0B7C-400A-A6A7-0E992B88D128}.Release|x64.Build.0 = Release|Any CPU
		{FB50DC9A-7782-4245-B86D-06E27A05C012}.Debug|Any CPU.ActiveCfg = Debug|Any CPU
		{FB50DC9A-7782-4245-B86D-06E27A05C012}.Debug|Any CPU.Build.0 = Debug|Any CPU
		{FB50DC9A-7782-4245-B86D-06E27A05C012}.Debug|x64.ActiveCfg = Debug|Any CPU
		{FB50DC9A-7782-4245-B86D-06E27A05C012}.Debug|x64.Build.0 = Debug|Any CPU
		{FB50DC9A-7782-4245-B86D-06E27A05C012}.Release|Any CPU.ActiveCfg = Release|Any CPU
		{FB50DC9A-7782-4245-B86D-06E27A05C012}.Release|Any CPU.Build.0 = Release|Any CPU
		{FB50DC9A-7782-4245-B86D-06E27A05C012}.Release|x64.ActiveCfg = Release|Any CPU
		{FB50DC9A-7782-4245-B86D-06E27A05C012}.Release|x64.Build.0 = Release|Any CPU
	EndGlobalSection
	GlobalSection(SolutionProperties) = preSolution
		HideSolutionNode = FALSE
	EndGlobalSection
	GlobalSection(NestedProjects) = preSolution
		{0A7A67C0-40DC-42E4-877A-4C13FD754124} = {BABE6E00-4F21-4185-847D-11119E45E216}
		{1EEF55C4-1A05-4B62-933E-4ED32614AF01} = {BABE6E00-4F21-4185-847D-11119E45E216}
		{7AE6517C-2140-495B-A64E-C07C9F8F8FC5} = {3C1D4B28-77C9-41CF-A5F9-31BCC0A5830B}
		{5B2445A0-1812-41E0-A889-4BC0CA113611} = {3C1D4B28-77C9-41CF-A5F9-31BCC0A5830B}
		{19F7CE7E-989D-406D-91E7-969E0909CF08} = {89A72912-3F56-4308-9135-FE84159D6B39}
		{693FE363-8EE3-4462-A58D-53FC1BEB2069} = {89A72912-3F56-4308-9135-FE84159D6B39}
		{B619237C-0A7A-4294-ABB5-8D8437CFD721} = {89A72912-3F56-4308-9135-FE84159D6B39}
		{68C7489B-6C02-47F4-A985-78B0E20922B9} = {3A00BAFB-A8A4-452E-82E2-C13F0672B222}
		{DCA09102-E232-4243-AE47-0032C164FBD8} = {3A00BAFB-A8A4-452E-82E2-C13F0672B222}
		{B06B76BF-E88A-448D-A91B-214E655C6F2E} = {3A00BAFB-A8A4-452E-82E2-C13F0672B222}
		{F46C8CDB-F5CD-4C92-9958-65916EFAD218} = {3A00BAFB-A8A4-452E-82E2-C13F0672B222}
		{37AD642B-0B7C-400A-A6A7-0E992B88D128} = {89A72912-3F56-4308-9135-FE84159D6B39}
		{FB50DC9A-7782-4245-B86D-06E27A05C012} = {89A72912-3F56-4308-9135-FE84159D6B39}
	EndGlobalSection
	GlobalSection(ExtensibilityGlobals) = postSolution
		SolutionGuid = {135C6156-E291-4B76-9B42-44AC44E00446}
	EndGlobalSection
EndGlobal
